// !$*UTF8*$!
{
	archiveVersion = 1;
	classes = {
	};
	objectVersion = 71;
	objects = {

/* Begin PBXBuildFile section */
		A10000000000000000000153 /* NurseVaultCore in Frameworks */ = {isa = PBXBuildFile; productRef = A10000000000000000000131 /* NurseVaultCore */; };
		A10000000000000000000154 /* NurseVault Watch Widget.appex in Embed Foundation Extensions */ = {isa = PBXBuildFile; fileRef = A10000000000000000000112 /* NurseVault Watch Widget.appex */; settings = {ATTRIBUTES = (CodeSignOnCopy, ); }; };
		A10000000000000000000186 /* NurseVault Watch.app in Embed Watch Content */ = {isa = PBXBuildFile; fileRef = A10000000000000000000111 /* NurseVault Watch.app */; platformFilter = ios; };
		AF95AFB43064C33500E29321 /* NurseVaultCore in Frameworks */ = {isa = PBXBuildFile; productRef = A10000000000000000000131 /* NurseVaultCore */; };
		AF95AFB53064C33500E29321 /* NurseVaultCore in Frameworks */ = {isa = PBXBuildFile; productRef = A10000000000000000000131 /* NurseVaultCore */; };
		AF9F3BB73069E5DB00E8A97A /* TestPlan.xctestplan in Resources */ = {isa = PBXBuildFile; fileRef = AF9F3BB63069E5DB00E8A97A /* TestPlan.xctestplan */; };
/* End PBXBuildFile section */

/* Begin PBXContainerItemProxy section */
		A10000000000000000000155 /* PBXContainerItemProxy */ = {
			isa = PBXContainerItemProxy;
			containerPortal = A10000000000000000000101 /* Project object */;
			proxyType = 1;
			remoteGlobalIDString = A10000000000000000000160;
			remoteInfo = "NurseVault Watch Widget";
		};
		A10000000000000000000179 /* PBXContainerItemProxy */ = {
			isa = PBXContainerItemProxy;
			containerPortal = A10000000000000000000101 /* Project object */;
			proxyType = 1;
			remoteGlobalIDString = A10000000000000000000120;
			remoteInfo = NurseVault;
		};
		A1000000000000000000017A /* PBXContainerItemProxy */ = {
			isa = PBXContainerItemProxy;
			containerPortal = A10000000000000000000101 /* Project object */;
			proxyType = 1;
			remoteGlobalIDString = A10000000000000000000121;
			remoteInfo = "NurseVault Watch";
		};
		A10000000000000000000188 /* PBXContainerItemProxy */ = {
			isa = PBXContainerItemProxy;
			containerPortal = A10000000000000000000101 /* Project object */;
			proxyType = 1;
			remoteGlobalIDString = A10000000000000000000121;
			remoteInfo = "NurseVault Watch";
		};
/* End PBXContainerItemProxy section */

/* Begin PBXCopyFilesBuildPhase section */
		A10000000000000000000157 /* Embed Foundation Extensions */ = {
			isa = PBXCopyFilesBuildPhase;
			buildActionMask = 2147483647;
			dstPath = "";
			dstSubfolderSpec = 13;
			files = (
				A10000000000000000000154 /* NurseVault Watch Widget.appex in Embed Foundation Extensions */,
			);
			name = "Embed Foundation Extensions";
			runOnlyForDeploymentPostprocessing = 0;
		};
		A10000000000000000000177 /* Embed Foundation Extensions */ = {
			isa = PBXCopyFilesBuildPhase;
			buildActionMask = 2147483647;
			dstPath = "";
			dstSubfolderSpec = 13;
			files = (
			);
			name = "Embed Foundation Extensions";
			runOnlyForDeploymentPostprocessing = 0;
		};
		A10000000000000000000178 /* Embed Foundation Extensions */ = {
			isa = PBXCopyFilesBuildPhase;
			buildActionMask = 2147483647;
			dstPath = "";
			dstSubfolderSpec = 13;
			files = (
			);
			name = "Embed Foundation Extensions";
			runOnlyForDeploymentPostprocessing = 0;
		};
		A10000000000000000000187 /* Embed Watch Content */ = {
			isa = PBXCopyFilesBuildPhase;
			buildActionMask = 2147483647;
			dstPath = "";
			dstSubfolderSpec = 13;
			files = (
				A10000000000000000000186 /* NurseVault Watch.app in Embed Watch Content */,
			);
			name = "Embed Watch Content";
			runOnlyForDeploymentPostprocessing = 0;
		};
/* End PBXCopyFilesBuildPhase section */

/* Begin PBXFileReference section */
		A10000000000000000000110 /* NurseVault.app */ = {isa = PBXFileReference; explicitFileType = wrapper.application; includeInIndex = 0; path = NurseVault.app; sourceTree = BUILT_PRODUCTS_DIR; };
		A10000000000000000000111 /* NurseVault Watch.app */ = {isa = PBXFileReference; explicitFileType = wrapper.application; includeInIndex = 0; path = "NurseVault Watch.app"; sourceTree = BUILT_PRODUCTS_DIR; };
		A10000000000000000000112 /* NurseVault Watch Widget.appex */ = {isa = PBXFileReference; explicitFileType = "wrapper.app-extension"; includeInIndex = 0; path = "NurseVault Watch Widget.appex"; sourceTree = BUILT_PRODUCTS_DIR; };
		A10000000000000000000166 /* Info.plist */ = {isa = PBXFileReference; lastKnownFileType = text.plist.xml; path = Info.plist; sourceTree = "<group>"; };
		A10000000000000000000168 /* NurseVaultUITests.xctest */ = {isa = PBXFileReference; explicitFileType = wrapper.cfbundle; includeInIndex = 0; path = NurseVaultUITests.xctest; sourceTree = BUILT_PRODUCTS_DIR; };
		A10000000000000000000169 /* NurseVaultMacUITests.xctest */ = {isa = PBXFileReference; explicitFileType = wrapper.cfbundle; includeInIndex = 0; path = NurseVaultMacUITests.xctest; sourceTree = BUILT_PRODUCTS_DIR; };
		A1000000000000000000016A /* NurseVaultWatchUITests.xctest */ = {isa = PBXFileReference; explicitFileType = wrapper.cfbundle; includeInIndex = 0; path = NurseVaultWatchUITests.xctest; sourceTree = BUILT_PRODUCTS_DIR; };
		AF9F3BB63069E5DB00E8A97A /* TestPlan.xctestplan */ = {isa = PBXFileReference; lastKnownFileType = text; path = TestPlan.xctestplan; sourceTree = "<group>"; };
/* End PBXFileReference section */

/* Begin PBXFileSystemSynchronizedRootGroup section */
		A10000000000000000000106 /* Sources/iOS */ = {isa = PBXFileSystemSynchronizedRootGroup; explicitFileTypes = {}; explicitFolders = (); path = Sources/iOS; sourceTree = "<group>"; };
		A10000000000000000000107 /* Sources/Watch */ = {isa = PBXFileSystemSynchronizedRootGroup; explicitFileTypes = {}; explicitFolders = (); path = Sources/Watch; sourceTree = "<group>"; };
		A10000000000000000000108 /* Sources/Widget */ = {isa = PBXFileSystemSynchronizedRootGroup; explicitFileTypes = {}; explicitFolders = (); path = Sources/Widget; sourceTree = "<group>"; };
		A1000000000000000000016B /* AppUITests */ = {isa = PBXFileSystemSynchronizedRootGroup; explicitFileTypes = {}; explicitFolders = (); path = AppUITests; sourceTree = "<group>"; };
		A1000000000000000000016C /* AppUITests */ = {isa = PBXFileSystemSynchronizedRootGroup; explicitFileTypes = {}; explicitFolders = (); path = AppUITests; sourceTree = "<group>"; };
		A1000000000000000000016D /* WatchUITests */ = {isa = PBXFileSystemSynchronizedRootGroup; explicitFileTypes = {}; explicitFolders = (); path = WatchUITests; sourceTree = "<group>"; };
/* End PBXFileSystemSynchronizedRootGroup section */

/* Begin PBXFrameworksBuildPhase section */
		A10000000000000000000123 /* Frameworks */ = {
			isa = PBXFrameworksBuildPhase;
			buildActionMask = 2147483647;
			files = (
				AF95AFB43064C33500E29321 /* NurseVaultCore in Frameworks */,
			);
			runOnlyForDeploymentPostprocessing = 0;
		};
		A10000000000000000000126 /* Frameworks */ = {
			isa = PBXFrameworksBuildPhase;
			buildActionMask = 2147483647;
			files = (
				AF95AFB53064C33500E29321 /* NurseVaultCore in Frameworks */,
			);
			runOnlyForDeploymentPostprocessing = 0;
		};
		A10000000000000000000151 /* Frameworks */ = {
			isa = PBXFrameworksBuildPhase;
			buildActionMask = 2147483647;
			files = (
				A10000000000000000000153 /* NurseVaultCore in Frameworks */,
			);
			runOnlyForDeploymentPostprocessing = 0;
		};
		A10000000000000000000171 /* Frameworks */ = {
			isa = PBXFrameworksBuildPhase;
			buildActionMask = 2147483647;
			files = (
			);
			runOnlyForDeploymentPostprocessing = 0;
		};
		A10000000000000000000172 /* Frameworks */ = {
			isa = PBXFrameworksBuildPhase;
			buildActionMask = 2147483647;
			files = (
			);
			runOnlyForDeploymentPostprocessing = 0;
		};
		A10000000000000000000173 /* Frameworks */ = {
			isa = PBXFrameworksBuildPhase;
			buildActionMask = 2147483647;
			files = (
			);
			runOnlyForDeploymentPostprocessing = 0;
		};
/* End PBXFrameworksBuildPhase section */

/* Begin PBXGroup section */
		A10000000000000000000102 /* =This Project= */ = {
			isa = PBXGroup;
			children = (
				AF9F3BB63069E5DB00E8A97A /* TestPlan.xctestplan */,
				A10000000000000000000106 /* Sources/iOS */,
				A10000000000000000000107 /* Sources/Watch */,
				A10000000000000000000108 /* Sources/Widget */,
				A1000000000000000000016B /* AppUITests */,
				A1000000000000000000016D /* WatchUITests */,
				A10000000000000000000167 /* Support */,
				A10000000000000000000105 /* Products */,
				AF8E0F243065BFAF00592DFC /* Recovered References */,
			);
			name = "=This Project=";
			sourceTree = "<group>";
		};
		A10000000000000000000105 /* Products */ = {
			isa = PBXGroup;
			children = (
				A10000000000000000000110 /* NurseVault.app */,
				A10000000000000000000111 /* NurseVault Watch.app */,
				A10000000000000000000112 /* NurseVault Watch Widget.appex */,
				A10000000000000000000168 /* NurseVaultUITests.xctest */,
				A10000000000000000000169 /* NurseVaultMacUITests.xctest */,
				A1000000000000000000016A /* NurseVaultWatchUITests.xctest */,
			);
			name = Products;
			sourceTree = "<group>";
		};
		A10000000000000000000167 /* Support */ = {
			isa = PBXGroup;
			children = (
				A10000000000000000000166 /* Info.plist */,
			);
			path = Support;
			sourceTree = "<group>";
		};
		AF8E0F243065BFAF00592DFC /* Recovered References */ = {
			isa = PBXGroup;
			children = (
				A1000000000000000000016C /* AppUITests */,
			);
			name = "Recovered References";
			sourceTree = "<group>";
		};
/* End PBXGroup section */

/* Begin PBXNativeTarget section */
		A10000000000000000000120 /* NurseVault */ = {
			isa = PBXNativeTarget;
			buildConfigurationList = A10000000000000000000147 /* Build configuration list for PBXNativeTarget "NurseVault" */;
			buildPhases = (
				A10000000000000000000122 /* Sources */,
				A10000000000000000000123 /* Frameworks */,
				A10000000000000000000124 /* Resources */,
				A10000000000000000000187 /* Embed Watch Content */,
			);
			buildRules = (
			);
			dependencies = (
				A10000000000000000000189 /* PBXTargetDependency */,
			);
			fileSystemSynchronizedGroups = (
				A10000000000000000000106 /* Sources/iOS */,
			);
			name = NurseVault;
			packageProductDependencies = (
				A10000000000000000000131 /* NurseVaultCore */,
			);
			productName = NurseVault;
			productReference = A10000000000000000000110 /* NurseVault.app */;
			productType = "com.apple.product-type.application";
		};
		A10000000000000000000121 /* NurseVault Watch */ = {
			isa = PBXNativeTarget;
			buildConfigurationList = A10000000000000000000148 /* Build configuration list for PBXNativeTarget "NurseVault Watch" */;
			buildPhases = (
				A10000000000000000000125 /* Sources */,
				A10000000000000000000126 /* Frameworks */,
				A10000000000000000000127 /* Resources */,
				A10000000000000000000157 /* Embed Foundation Extensions */,
			);
			buildRules = (
			);
			dependencies = (
				A10000000000000000000156 /* PBXTargetDependency */,
			);
			fileSystemSynchronizedGroups = (
				A10000000000000000000107 /* Sources/Watch */,
			);
			name = "NurseVault Watch";
			packageProductDependencies = (
				A10000000000000000000131 /* NurseVaultCore */,
			);
			productName = "NurseVault Watch";
			productReference = A10000000000000000000111 /* NurseVault Watch.app */;
			productType = "com.apple.product-type.application";
		};
		A10000000000000000000128 /* NurseVaultMacUITests */ = {
			isa = PBXNativeTarget;
			buildConfigurationList = A10000000000000000000184 /* Build configuration list for PBXNativeTarget "NurseVaultMacUITests" */;
			buildPhases = (
				A1000000000000000000016F /* Sources */,
				A10000000000000000000172 /* Frameworks */,
				A10000000000000000000175 /* Resources */,
				A10000000000000000000178 /* Embed Foundation Extensions */,
			);
			buildRules = (
			);
			dependencies = (
				A1000000000000000000017B /* PBXTargetDependency */,
			);
			fileSystemSynchronizedGroups = (
				A1000000000000000000016C /* AppUITests */,
			);
			name = NurseVaultMacUITests;
			productName = NurseVaultMacUITests;
			productReference = A10000000000000000000169 /* NurseVaultMacUITests.xctest */;
			productType = "com.apple.product-type.bundle.ui-testing";
		};
		A10000000000000000000129 /* NurseVaultUITests */ = {
			isa = PBXNativeTarget;
			buildConfigurationList = A10000000000000000000183 /* Build configuration list for PBXNativeTarget "NurseVaultUITests" */;
			buildPhases = (
				A1000000000000000000016E /* Sources */,
				A10000000000000000000171 /* Frameworks */,
				A10000000000000000000174 /* Resources */,
				A10000000000000000000177 /* Embed Foundation Extensions */,
			);
			buildRules = (
			);
			dependencies = (
				A1000000000000000000017B /* PBXTargetDependency */,
			);
			fileSystemSynchronizedGroups = (
				A1000000000000000000016B /* AppUITests */,
			);
			name = NurseVaultUITests;
			productName = NurseVaultUITests;
			productReference = A10000000000000000000168 /* NurseVaultUITests.xctest */;
			productType = "com.apple.product-type.bundle.ui-testing";
		};
		A1000000000000000000012A /* NurseVaultWatchUITests */ = {
			isa = PBXNativeTarget;
			buildConfigurationList = A10000000000000000000185 /* Build configuration list for PBXNativeTarget "NurseVaultWatchUITests" */;
			buildPhases = (
				A10000000000000000000170 /* Sources */,
				A10000000000000000000173 /* Frameworks */,
				A10000000000000000000176 /* Resources */,
			);
			buildRules = (
			);
			dependencies = (
				A1000000000000000000017C /* PBXTargetDependency */,
			);
			fileSystemSynchronizedGroups = (
				A1000000000000000000016D /* WatchUITests */,
			);
			name = NurseVaultWatchUITests;
			productName = NurseVaultWatchUITests;
			productReference = A1000000000000000000016A /* NurseVaultWatchUITests.xctest */;
			productType = "com.apple.product-type.bundle.ui-testing";
		};
		A10000000000000000000160 /* NurseVault Watch Widget */ = {
			isa = PBXNativeTarget;
			buildConfigurationList = A10000000000000000000163 /* Build configuration list for PBXNativeTarget "NurseVault Watch Widget" */;
			buildPhases = (
				A10000000000000000000150 /* Sources */,
				A10000000000000000000151 /* Frameworks */,
				A10000000000000000000152 /* Resources */,
			);
			buildRules = (
			);
			dependencies = (
			);
			fileSystemSynchronizedGroups = (
				A10000000000000000000108 /* Sources/Widget */,
			);
			name = "NurseVault Watch Widget";
			packageProductDependencies = (
				A10000000000000000000131 /* NurseVaultCore */,
			);
			productName = "NurseVault Watch Widget";
			productReference = A10000000000000000000112 /* NurseVault Watch Widget.appex */;
			productType = "com.apple.product-type.app-extension";
		};
/* End PBXNativeTarget section */

/* Begin PBXProject section */
		A10000000000000000000101 /* Project object */ = {
			isa = PBXProject;
			attributes = {
				BuildIndependentTargetsInParallel = 1;
				LastSwiftUpdateCheck = 2600;
				LastUpgradeCheck = 2700;
				TargetAttributes = {
					A10000000000000000000120 = {
						CreatedOnToolsVersion = 26.0;
					};
					A10000000000000000000121 = {
						CreatedOnToolsVersion = 26.0;
					};
					A10000000000000000000128 = {
						CreatedOnToolsVersion = 26.0;
						TestTargetID = A10000000000000000000120;
					};
					A10000000000000000000129 = {
						CreatedOnToolsVersion = 26.0;
						TestTargetID = A10000000000000000000120;
					};
					A10000000000000000000160 = {
						CreatedOnToolsVersion = 26.0;
					};
				};
			};
			buildConfigurationList = A10000000000000000000146 /* Build configuration list for PBXProject "NurseVault" */;
			compatibilityVersion = "Xcode 16.0";
			developmentRegion = en;
			hasScannedForEncodings = 0;
			knownRegions = (
				en,
				Base,
			);
			mainGroup = A10000000000000000000102 /* =This Project= */;
			packageReferences = (
				A10000000000000000000130 /* XCLocalSwiftPackageReference "Packages/NurseVaultCore" */,
			);
			productRefGroup = A10000000000000000000105 /* Products */;
			projectDirPath = "";
			projectRoot = "";
			targets = (
				A10000000000000000000120 /* NurseVault */,
				A10000000000000000000121 /* NurseVault Watch */,
				A10000000000000000000160 /* NurseVault Watch Widget */,
				A10000000000000000000129 /* NurseVaultUITests */,
				A10000000000000000000128 /* NurseVaultMacUITests */,
				A1000000000000000000012A /* NurseVaultWatchUITests */,
			);
		};
/* End PBXProject section */

/* Begin PBXResourcesBuildPhase section */
		A10000000000000000000124 /* Resources */ = {
			isa = PBXResourcesBuildPhase;
			buildActionMask = 2147483647;
			files = (
				AF9F3BB73069E5DB00E8A97A /* TestPlan.xctestplan in Resources */,
			);
			runOnlyForDeploymentPostprocessing = 0;
		};
		A10000000000000000000127 /* Resources */ = {
			isa = PBXResourcesBuildPhase;
			buildActionMask = 2147483647;
			files = (
			);
			runOnlyForDeploymentPostprocessing = 0;
		};
		A10000000000000000000152 /* Resources */ = {
			isa = PBXResourcesBuildPhase;
			buildActionMask = 2147483647;
			files = (
			);
			runOnlyForDeploymentPostprocessing = 0;
		};
		A10000000000000000000174 /* Resources */ = {
			isa = PBXResourcesBuildPhase;
			buildActionMask = 2147483647;
			files = (
			);
			runOnlyForDeploymentPostprocessing = 0;
		};
		A10000000000000000000175 /* Resources */ = {
			isa = PBXResourcesBuildPhase;
			buildActionMask = 2147483647;
			files = (
			);
			runOnlyForDeploymentPostprocessing = 0;
		};
		A10000000000000000000176 /* Resources */ = {
			isa = PBXResourcesBuildPhase;
			buildActionMask = 2147483647;
			files = (
			);
			runOnlyForDeploymentPostprocessing = 0;
		};
/* End PBXResourcesBuildPhase section */

/* Begin PBXSourcesBuildPhase section */
		A10000000000000000000122 /* Sources */ = {
			isa = PBXSourcesBuildPhase;
			buildActionMask = 2147483647;
			files = (
			);
			runOnlyForDeploymentPostprocessing = 0;
		};
		A10000000000000000000125 /* Sources */ = {
			isa = PBXSourcesBuildPhase;
			buildActionMask = 2147483647;
			files = (
			);
			runOnlyForDeploymentPostprocessing = 0;
		};
		A10000000000000000000150 /* Sources */ = {
			isa = PBXSourcesBuildPhase;
			buildActionMask = 2147483647;
			files = (
			);
			runOnlyForDeploymentPostprocessing = 0;
		};
		A1000000000000000000016E /* Sources */ = {
			isa = PBXSourcesBuildPhase;
			buildActionMask = 2147483647;
			files = (
			);
			runOnlyForDeploymentPostprocessing = 0;
		};
		A1000000000000000000016F /* Sources */ = {
			isa = PBXSourcesBuildPhase;
			buildActionMask = 2147483647;
			files = (
			);
			runOnlyForDeploymentPostprocessing = 0;
		};
		A10000000000000000000170 /* Sources */ = {
			isa = PBXSourcesBuildPhase;
			buildActionMask = 2147483647;
			files = (
			);
			runOnlyForDeploymentPostprocessing = 0;
		};
/* End PBXSourcesBuildPhase section */

/* Begin PBXTargetDependency section */
		A10000000000000000000156 /* PBXTargetDependency */ = {
			isa = PBXTargetDependency;
			target = A10000000000000000000160 /* NurseVault Watch Widget */;
			targetProxy = A10000000000000000000155 /* PBXContainerItemProxy */;
		};
		A1000000000000000000017B /* PBXTargetDependency */ = {
			isa = PBXTargetDependency;
			target = A10000000000000000000120 /* NurseVault */;
			targetProxy = A10000000000000000000179 /* PBXContainerItemProxy */;
		};
		A1000000000000000000017C /* PBXTargetDependency */ = {
			isa = PBXTargetDependency;
			target = A10000000000000000000121 /* NurseVault Watch */;
			targetProxy = A1000000000000000000017A /* PBXContainerItemProxy */;
		};
		A10000000000000000000189 /* PBXTargetDependency */ = {
			isa = PBXTargetDependency;
			platformFilter = ios;
			target = A10000000000000000000121 /* NurseVault Watch */;
			targetProxy = A10000000000000000000188 /* PBXContainerItemProxy */;
		};
/* End PBXTargetDependency section */

/* Begin XCBuildConfiguration section */
		A10000000000000000000140 /* Debug */ = {
			isa = XCBuildConfiguration;
			buildSettings = {
				ASSETCATALOG_COMPILER_APPICON_NAME = AppIcon;
				CODE_SIGN_ENTITLEMENTS = Sources/iOS/NurseVault.entitlements;
				CODE_SIGN_STYLE = Automatic;
					DEVELOPMENT_TEAM = 2LFBN27WK8;
				ENABLE_APP_SANDBOX = YES;
				ENABLE_INCOMING_NETWORK_CONNECTIONS = YES;
				ENABLE_OUTGOING_NETWORK_CONNECTIONS = NO;
				ENABLE_PREVIEWS = YES;
				ENABLE_RESOURCE_ACCESS_AUDIO_INPUT = NO;
				ENABLE_RESOURCE_ACCESS_BLUETOOTH = NO;
				ENABLE_RESOURCE_ACCESS_CALENDARS = NO;
				ENABLE_RESOURCE_ACCESS_CAMERA = YES;
				ENABLE_RESOURCE_ACCESS_CONTACTS = NO;
				ENABLE_RESOURCE_ACCESS_LOCATION = NO;
				ENABLE_RESOURCE_ACCESS_PRINTING = YES;
				ENABLE_RESOURCE_ACCESS_USB = NO;
				GENERATE_INFOPLIST_FILE = YES;
				INFOPLIST_KEY_CFBundleDisplayName = "Nurse Vault";
				INFOPLIST_KEY_LSApplicationCategoryType = "public.app-category.medical";
				INFOPLIST_KEY_NSCameraUsageDescription = "Nurse Vault uses the camera to capture photos of reference material and to read the text of printed references.";
				INFOPLIST_KEY_UILaunchScreen_Generation = YES;
				INFOPLIST_KEY_UISupportedInterfaceOrientations = "UIInterfaceOrientationPortrait UIInterfaceOrientationPortraitUpsideDown UIInterfaceOrientationLandscapeLeft UIInterfaceOrientationLandscapeRight";
				INFOPLIST_KEY_UISupportedInterfaceOrientations_iPad = "UIInterfaceOrientationPortrait UIInterfaceOrientationPortraitUpsideDown UIInterfaceOrientationLandscapeLeft UIInterfaceOrientationLandscapeRight";
				IPHONEOS_DEPLOYMENT_TARGET = 17.0;
				LD_RUNPATH_SEARCH_PATHS = (
					"$(inherited)",
					"@executable_path/Frameworks",
				);
				MACOSX_DEPLOYMENT_TARGET = 14.0;
					PRODUCT_BUNDLE_IDENTIFIER = com.josephwoods.nursevault;
				PRODUCT_NAME = "$(TARGET_NAME)";
				SDKROOT = iphoneos;
				SUPPORTED_PLATFORMS = "iphoneos iphonesimulator macosx";
				SUPPORTS_MACCATALYST = NO;
				SWIFT_VERSION = 6.0;
				TARGETED_DEVICE_FAMILY = "1,2";
			};
			name = Debug;
		};
		A10000000000000000000141 /* Release */ = {
			isa = XCBuildConfiguration;
			buildSettings = {
				ASSETCATALOG_COMPILER_APPICON_NAME = AppIcon;
				CODE_SIGN_ENTITLEMENTS = Sources/iOS/NurseVault.entitlements;
				CODE_SIGN_STYLE = Automatic;
					DEVELOPMENT_TEAM = 2LFBN27WK8;
				ENABLE_APP_SANDBOX = YES;
				ENABLE_INCOMING_NETWORK_CONNECTIONS = YES;
				ENABLE_OUTGOING_NETWORK_CONNECTIONS = NO;
				ENABLE_PREVIEWS = YES;
				ENABLE_RESOURCE_ACCESS_AUDIO_INPUT = NO;
				ENABLE_RESOURCE_ACCESS_BLUETOOTH = NO;
				ENABLE_RESOURCE_ACCESS_CALENDARS = NO;
				ENABLE_RESOURCE_ACCESS_CAMERA = YES;
				ENABLE_RESOURCE_ACCESS_CONTACTS = NO;
				ENABLE_RESOURCE_ACCESS_LOCATION = NO;
				ENABLE_RESOURCE_ACCESS_PRINTING = YES;
				ENABLE_RESOURCE_ACCESS_USB = NO;
				GENERATE_INFOPLIST_FILE = YES;
				INFOPLIST_KEY_CFBundleDisplayName = "Nurse Vault";
				INFOPLIST_KEY_LSApplicationCategoryType = "public.app-category.medical";
				INFOPLIST_KEY_NSCameraUsageDescription = "Nurse Vault uses the camera to capture photos of reference material and to read the text of printed references.";
				INFOPLIST_KEY_UILaunchScreen_Generation = YES;
				INFOPLIST_KEY_UISupportedInterfaceOrientations = "UIInterfaceOrientationPortrait UIInterfaceOrientationPortraitUpsideDown UIInterfaceOrientationLandscapeLeft UIInterfaceOrientationLandscapeRight";
				INFOPLIST_KEY_UISupportedInterfaceOrientations_iPad = "UIInterfaceOrientationPortrait UIInterfaceOrientationPortraitUpsideDown UIInterfaceOrientationLandscapeLeft UIInterfaceOrientationLandscapeRight";
				IPHONEOS_DEPLOYMENT_TARGET = 17.0;
				LD_RUNPATH_SEARCH_PATHS = (
					"$(inherited)",
					"@executable_path/Frameworks",
				);
				MACOSX_DEPLOYMENT_TARGET = 14.0;
					PRODUCT_BUNDLE_IDENTIFIER = com.josephwoods.nursevault;
				PRODUCT_NAME = "$(TARGET_NAME)";
				SDKROOT = iphoneos;
				SUPPORTED_PLATFORMS = "iphoneos iphonesimulator macosx";
				SUPPORTS_MACCATALYST = NO;
				SWIFT_VERSION = 6.0;
				TARGETED_DEVICE_FAMILY = "1,2";
			};
			name = Release;
		};
		A10000000000000000000142 /* Debug */ = {
			isa = XCBuildConfiguration;
			buildSettings = {
				ASSETCATALOG_COMPILER_APPICON_NAME = AppIcon;
				CODE_SIGN_ENTITLEMENTS = Sources/Watch/WatchEntitlements.entitlements;
				CODE_SIGN_STYLE = Automatic;
					DEVELOPMENT_TEAM = 2LFBN27WK8;
				ENABLE_PREVIEWS = YES;
				GENERATE_INFOPLIST_FILE = YES;
				INFOPLIST_KEY_CFBundleDisplayName = "Nurse Vault";
				INFOPLIST_KEY_CFBundleIconName = AppIcon;
				INFOPLIST_KEY_WKCompanionAppBundleIdentifier = com.josephwoods.nursevault;
				LD_RUNPATH_SEARCH_PATHS = (
					"$(inherited)",
					"@executable_path/Frameworks",
				);
					PRODUCT_BUNDLE_IDENTIFIER = com.josephwoods.nursevault.watchkitapp;
				PRODUCT_NAME = "$(TARGET_NAME)";
				SDKROOT = watchos;
				SUPPORTED_PLATFORMS = "watchos watchsimulator";
				SUPPORTS_MACCATALYST = NO;
				SUPPORTS_WATCH = YES;
				SWIFT_VERSION = 6.0;
				TARGETED_DEVICE_FAMILY = "4,5,7,8,10,11,12,13,14,15";
				WATCHOS_DEPLOYMENT_TARGET = 10.0;
			};
			name = Debug;
		};
		A10000000000000000000143 /* Release */ = {
			isa = XCBuildConfiguration;
			buildSettings = {
				ASSETCATALOG_COMPILER_APPICON_NAME = AppIcon;
				CODE_SIGN_ENTITLEMENTS = Sources/Watch/WatchEntitlements.entitlements;
				CODE_SIGN_STYLE = Automatic;
					DEVELOPMENT_TEAM = 2LFBN27WK8;
				ENABLE_PREVIEWS = YES;
				GENERATE_INFOPLIST_FILE = YES;
				INFOPLIST_KEY_CFBundleDisplayName = "Nurse Vault";
				INFOPLIST_KEY_CFBundleIconName = AppIcon;
				INFOPLIST_KEY_WKCompanionAppBundleIdentifier = com.josephwoods.nursevault;
				LD_RUNPATH_SEARCH_PATHS = (
					"$(inherited)",
					"@executable_path/Frameworks",
				);
					PRODUCT_BUNDLE_IDENTIFIER = com.josephwoods.nursevault.watchkitapp;
				PRODUCT_NAME = "$(TARGET_NAME)";
				SDKROOT = watchos;
				SUPPORTED_PLATFORMS = "watchos watchsimulator";
				SUPPORTS_MACCATALYST = NO;
				SUPPORTS_WATCH = YES;
				SWIFT_VERSION = 6.0;
				TARGETED_DEVICE_FAMILY = "4,5,7,8,10,11,12,13,14,15";
				WATCHOS_DEPLOYMENT_TARGET = 10.0;
			};
			name = Release;
		};
		A10000000000000000000144 /* Debug */ = {
			isa = XCBuildConfiguration;
			buildSettings = {
				ALWAYS_SEARCH_USER_PATHS = NO;
				ASSETCATALOG_COMPILER_GENERATE_SWIFT_ASSET_SYMBOL_EXTENSIONS = YES;
				CLANG_ANALYZER_NONNULL = YES;
				CLANG_ENABLE_MODULES = YES;
				CLANG_ENABLE_OBJC_ARC = YES;
				CLANG_WARN_BLOCK_CAPTURE_AUTORELEASING = YES;
				CLANG_WARN_BOOL_CONVERSION = YES;
				CLANG_WARN_COMMA = YES;
				CLANG_WARN_CONSTANT_CONVERSION = YES;
				CLANG_WARN_DEPRECATED_OBJC_IMPLEMENTATIONS = YES;
				CLANG_WARN_EMPTY_BODY = YES;
				CLANG_WARN_ENUM_CONVERSION = YES;
				CLANG_WARN_INFINITE_RECURSION = YES;
				CLANG_WARN_INT_CONVERSION = YES;
				CLANG_WARN_NON_LITERAL_NULL_CONVERSION = YES;
				CLANG_WARN_OBJC_IMPLICIT_RETAIN_SELF = YES;
				CLANG_WARN_OBJC_LITERAL_CONVERSION = YES;
				CLANG_WARN_QUOTED_INCLUDE_IN_FRAMEWORK_HEADER = YES;
				CLANG_WARN_RANGE_LOOP_ANALYSIS = YES;
				CLANG_WARN_STRICT_PROTOTYPES = YES;
				CLANG_WARN_SUSPICIOUS_MOVE = YES;
				CLANG_WARN_UNREACHABLE_CODE = YES;
				CLANG_WARN__DUPLICATE_METHOD_MATCH = YES;
				COPY_PHASE_STRIP = NO;
			CURRENT_PROJECT_VERSION = 3;
				DEAD_CODE_STRIPPING = YES;
				DEBUG_INFORMATION_FORMAT = dwarf;
				DEVELOPMENT_TEAM = 2LFBN27WK8;
				ENABLE_STRICT_OBJC_MSGSEND = YES;
				ENABLE_TESTABILITY = YES;
				ENABLE_USER_SCRIPT_SANDBOXING = YES;
				GCC_C_LANGUAGE_STANDARD = gnu17;
				GCC_DYNAMIC_NO_PIC = NO;
				GCC_NO_COMMON_BLOCKS = YES;
				GCC_OPTIMIZATION_LEVEL = 0;
				GCC_PREPROCESSOR_DEFINITIONS = (
					"DEBUG=1",
					"$(inherited)",
				);
				GCC_WARN_64_TO_32_BIT_CONVERSION = YES;
				GCC_WARN_ABOUT_RETURN_TYPE = YES_ERROR;
				GCC_WARN_UNDECLARED_SELECTOR = YES;
				GCC_WARN_UNINITIALIZED_AUTOS = YES_AGGRESSIVE;
				GCC_WARN_UNUSED_FUNCTION = YES;
				GCC_WARN_UNUSED_VARIABLE = YES;
				IPHONEOS_DEPLOYMENT_TARGET = 17.0;
				MACOSX_DEPLOYMENT_TARGET = 14.0;
			MARKETING_VERSION = 2.4;
				MTL_FAST_MATH = YES;
				ONLY_ACTIVE_ARCH = YES;
				SDKROOT = auto;
				STRING_CATALOG_GENERATE_SYMBOLS = YES;
				SWIFT_ACTIVE_COMPILATION_CONDITIONS = "DEBUG $(inherited)";
				SWIFT_OPTIMIZATION_LEVEL = "-Onone";
				SWIFT_VERSION = 6.0;
			};
			name = Debug;
		};
		A10000000000000000000145 /* Release */ = {
			isa = XCBuildConfiguration;
			buildSettings = {
				ALWAYS_SEARCH_USER_PATHS = NO;
				ASSETCATALOG_COMPILER_GENERATE_SWIFT_ASSET_SYMBOL_EXTENSIONS = YES;
				CLANG_ANALYZER_NONNULL = YES;
				CLANG_ENABLE_MODULES = YES;
				CLANG_ENABLE_OBJC_ARC = YES;
				CLANG_WARN_BLOCK_CAPTURE_AUTORELEASING = YES;
				CLANG_WARN_BOOL_CONVERSION = YES;
				CLANG_WARN_COMMA = YES;
				CLANG_WARN_CONSTANT_CONVERSION = YES;
				CLANG_WARN_DEPRECATED_OBJC_IMPLEMENTATIONS = YES;
				CLANG_WARN_EMPTY_BODY = YES;
				CLANG_WARN_ENUM_CONVERSION = YES;
				CLANG_WARN_INFINITE_RECURSION = YES;
				CLANG_WARN_INT_CONVERSION = YES;
				CLANG_WARN_NON_LITERAL_NULL_CONVERSION = YES;
				CLANG_WARN_OBJC_IMPLICIT_RETAIN_SELF = YES;
				CLANG_WARN_OBJC_LITERAL_CONVERSION = YES;
				CLANG_WARN_QUOTED_INCLUDE_IN_FRAMEWORK_HEADER = YES;
				CLANG_WARN_RANGE_LOOP_ANALYSIS = YES;
				CLANG_WARN_STRICT_PROTOTYPES = YES;
				CLANG_WARN_SUSPICIOUS_MOVE = YES;
				CLANG_WARN_UNREACHABLE_CODE = YES;
				CLANG_WARN__DUPLICATE_METHOD_MATCH = YES;
				COPY_PHASE_STRIP = NO;
			CURRENT_PROJECT_VERSION = 3;
				DEAD_CODE_STRIPPING = YES;
				DEBUG_INFORMATION_FORMAT = "dwarf-with-dsym";
				DEVELOPMENT_TEAM = 2LFBN27WK8;
				ENABLE_NS_ASSERTIONS = NO;
				ENABLE_STRICT_OBJC_MSGSEND = YES;
				ENABLE_USER_SCRIPT_SANDBOXING = YES;
				GCC_C_LANGUAGE_STANDARD = gnu17;
				GCC_NO_COMMON_BLOCKS = YES;
				GCC_WARN_64_TO_32_BIT_CONVERSION = YES;
				GCC_WARN_ABOUT_RETURN_TYPE = YES_ERROR;
				GCC_WARN_UNDECLARED_SELECTOR = YES;
				GCC_WARN_UNINITIALIZED_AUTOS = YES_AGGRESSIVE;
				GCC_WARN_UNUSED_FUNCTION = YES;
				GCC_WARN_UNUSED_VARIABLE = YES;
				IPHONEOS_DEPLOYMENT_TARGET = 17.0;
				MACOSX_DEPLOYMENT_TARGET = 14.0;
			MARKETING_VERSION = 2.4;
				MTL_FAST_MATH = YES;
				SDKROOT = auto;
				STRING_CATALOG_GENERATE_SYMBOLS = YES;
				SWIFT_COMPILATION_MODE = wholemodule;
				SWIFT_OPTIMIZATION_LEVEL = "-O";
				SWIFT_VERSION = 6.0;
				VALIDATE_PRODUCT = YES;
			};
			name = Release;
		};
		A10000000000000000000161 /* Debug */ = {
			isa = XCBuildConfiguration;
			buildSettings = {
				CODE_SIGN_ENTITLEMENTS = Sources/Widget/WatchWidget.entitlements;
				CODE_SIGN_IDENTITY = "Apple Development";
				CODE_SIGN_STYLE = Automatic;
					DEVELOPMENT_TEAM = 2LFBN27WK8;
				ENABLE_PREVIEWS = YES;
				INFOPLIST_FILE = Support/Info.plist;
				LD_RUNPATH_SEARCH_PATHS = (
					"$(inherited)",
					"@executable_path/../Frameworks",
				);
					PRODUCT_BUNDLE_IDENTIFIER = com.josephwoods.nursevault.watchkitapp.widget;
				PRODUCT_NAME = "$(TARGET_NAME)";
				PROVISIONING_PROFILE_SPECIFIER = "";
				SDKROOT = watchos;
				SUPPORTED_PLATFORMS = "watchos watchsimulator";
				SWIFT_VERSION = 6.0;
				WATCHOS_DEPLOYMENT_TARGET = 11.0;
			};
			name = Debug;
		};
		A10000000000000000000162 /* Release */ = {
			isa = XCBuildConfiguration;
			buildSettings = {
				CODE_SIGN_ENTITLEMENTS = Sources/Widget/WatchWidget.entitlements;
				CODE_SIGN_IDENTITY = "Apple Development";
				CODE_SIGN_STYLE = Automatic;
					DEVELOPMENT_TEAM = 2LFBN27WK8;
				ENABLE_PREVIEWS = YES;
				INFOPLIST_FILE = Support/Info.plist;
				LD_RUNPATH_SEARCH_PATHS = (
					"$(inherited)",
					"@executable_path/../Frameworks",
				);
					PRODUCT_BUNDLE_IDENTIFIER = com.josephwoods.nursevault.watchkitapp.widget;
				PRODUCT_NAME = "$(TARGET_NAME)";
				PROVISIONING_PROFILE_SPECIFIER = "";
				SDKROOT = watchos;
				SUPPORTED_PLATFORMS = "watchos watchsimulator";
				SWIFT_VERSION = 6.0;
				WATCHOS_DEPLOYMENT_TARGET = 11.0;
			};
			name = Release;
		};
		A1000000000000000000017D /* Debug */ = {
			isa = XCBuildConfiguration;
			buildSettings = {
				CODE_SIGN_STYLE = Automatic;
					GENERATE_INFOPLIST_FILE = YES;
				IPHONEOS_DEPLOYMENT_TARGET = 17.0;
					PRODUCT_BUNDLE_IDENTIFIER = com.josephwoods.nursevault.uitests;
				PRODUCT_NAME = "$(TARGET_NAME)";
				SDKROOT = iphoneos;
				SUPPORTED_PLATFORMS = "iphoneos iphonesimulator";
				SWIFT_VERSION = 6.0;
			};
			name = Debug;
		};
		A1000000000000000000017E /* Release */ = {
			isa = XCBuildConfiguration;
			buildSettings = {
				CODE_SIGN_STYLE = Automatic;
					GENERATE_INFOPLIST_FILE = YES;
				IPHONEOS_DEPLOYMENT_TARGET = 17.0;
					PRODUCT_BUNDLE_IDENTIFIER = com.josephwoods.nursevault.uitests;
				PRODUCT_NAME = "$(TARGET_NAME)";
				SDKROOT = iphoneos;
				SUPPORTED_PLATFORMS = "iphoneos iphonesimulator";
				SWIFT_VERSION = 6.0;
			};
			name = Release;
		};
		A1000000000000000000017F /* Debug */ = {
			isa = XCBuildConfiguration;
			buildSettings = {
				CODE_SIGN_STYLE = Automatic;
					GENERATE_INFOPLIST_FILE = YES;
				MACOSX_DEPLOYMENT_TARGET = 14.0;
					PRODUCT_BUNDLE_IDENTIFIER = com.josephwoods.nursevault.mackuitests;
				PRODUCT_NAME = "$(TARGET_NAME)";
				SDKROOT = macosx;
				SUPPORTED_PLATFORMS = macosx;
				SWIFT_VERSION = 6.0;
			};
			name = Debug;
		};
		A10000000000000000000180 /* Release */ = {
			isa = XCBuildConfiguration;
			buildSettings = {
				CODE_SIGN_STYLE = Automatic;
					GENERATE_INFOPLIST_FILE = YES;
				MACOSX_DEPLOYMENT_TARGET = 14.0;
					PRODUCT_BUNDLE_IDENTIFIER = com.josephwoods.nursevault.mackuitests;
				PRODUCT_NAME = "$(TARGET_NAME)";
				SDKROOT = macosx;
				SUPPORTED_PLATFORMS = macosx;
				SWIFT_VERSION = 6.0;
			};
			name = Release;
		};
		A10000000000000000000181 /* Debug */ = {
			isa = XCBuildConfiguration;
			buildSettings = {
				CODE_SIGN_STYLE = Automatic;
					GENERATE_INFOPLIST_FILE = YES;
				PRODUCT_BUNDLE_IDENTIFIER = com.josephwoods.nursevault.watchkitapp.uitests;
				PRODUCT_NAME = "$(TARGET_NAME)";
				SDKROOT = watchos;
				SUPPORTED_PLATFORMS = "watchos watchsimulator";
				SWIFT_VERSION = 6.0;
				WATCHOS_DEPLOYMENT_TARGET = 10.0;
			};
			name = Debug;
		};
		A10000000000000000000182 /* Release */ = {
			isa = XCBuildConfiguration;
			buildSettings = {
				CODE_SIGN_STYLE = Automatic;
					GENERATE_INFOPLIST_FILE = YES;
				PRODUCT_BUNDLE_IDENTIFIER = com.josephwoods.nursevault.watchkitapp.uitests;
				PRODUCT_NAME = "$(TARGET_NAME)";
				SDKROOT = watchos;
				SUPPORTED_PLATFORMS = "watchos watchsimulator";
				SWIFT_VERSION = 6.0;
				WATCHOS_DEPLOYMENT_TARGET = 10.0;
			};
			name = Release;
		};
/* End XCBuildConfiguration section */

/* Begin XCConfigurationList section */
		A10000000000000000000146 /* Build configuration list for PBXProject "NurseVault" */ = {
			isa = XCConfigurationList;
			buildConfigurations = (
				A10000000000000000000144 /* Debug */,
				A10000000000000000000145 /* Release */,
			);
			defaultConfigurationIsVisible = 0;
			defaultConfigurationName = Release;
		};
		A10000000000000000000147 /* Build configuration list for PBXNativeTarget "NurseVault" */ = {
			isa = XCConfigurationList;
			buildConfigurations = (
				A10000000000000000000140 /* Debug */,
				A10000000000000000000141 /* Release */,
			);
			defaultConfigurationIsVisible = 0;
			defaultConfigurationName = Release;
		};
		A10000000000000000000148 /* Build configuration list for PBXNativeTarget "NurseVault Watch" */ = {
			isa = XCConfigurationList;
			buildConfigurations = (
				A10000000000000000000142 /* Debug */,
				A10000000000000000000143 /* Release */,
			);
			defaultConfigurationIsVisible = 0;
			defaultConfigurationName = Release;
		};
		A10000000000000000000163 /* Build configuration list for PBXNativeTarget "NurseVault Watch Widget" */ = {
			isa = XCConfigurationList;
			buildConfigurations = (
				A10000000000000000000161 /* Debug */,
				A10000000000000000000162 /* Release */,
			);
			defaultConfigurationIsVisible = 0;
			defaultConfigurationName = Release;
		};
		A10000000000000000000183 /* Build configuration list for PBXNativeTarget "NurseVaultUITests" */ = {
			isa = XCConfigurationList;
			buildConfigurations = (
				A1000000000000000000017D /* Debug */,
				A1000000000000000000017E /* Release */,
			);
			defaultConfigurationIsVisible = 0;
			defaultConfigurationName = Release;
		};
		A10000000000000000000184 /* Build configuration list for PBXNativeTarget "NurseVaultMacUITests" */ = {
			isa = XCConfigurationList;
			buildConfigurations = (
				A1000000000000000000017F /* Debug */,
				A10000000000000000000180 /* Release */,
			);
			defaultConfigurationIsVisible = 0;
			defaultConfigurationName = Release;
		};
		A10000000000000000000185 /* Build configuration list for PBXNativeTarget "NurseVaultWatchUITests" */ = {
			isa = XCConfigurationList;
			buildConfigurations = (
				A10000000000000000000181 /* Debug */,
				A10000000000000000000182 /* Release */,
			);
			defaultConfigurationIsVisible = 0;
			defaultConfigurationName = Release;
		};
/* End XCConfigurationList section */

/* Begin XCLocalSwiftPackageReference section */
		A10000000000000000000130 /* XCLocalSwiftPackageReference "Packages/NurseVaultCore" */ = {
			isa = XCLocalSwiftPackageReference;
			relativePath = Packages/NurseVaultCore;
		};
/* End XCLocalSwiftPackageReference section */

/* Begin XCSwiftPackageProductDependency section */
		A10000000000000000000131 /* NurseVaultCore */ = {
			isa = XCSwiftPackageProductDependency;
			productName = NurseVaultCore;
		};
/* End XCSwiftPackageProductDependency section */
	};
	rootObject = A10000000000000000000101 /* Project object */;
}
